
Microsoft Visual Studio Solution File, Format Version 12.00
# Visual Studio Version 17
VisualStudioVersion = 17.5.002.0
MinimumVisualStudioVersion = 10.0.40219.1
Project("{9A19103F-16F7-4668-BE54-9A1E7A4F7556}") = "twoSum", "twoSum\twoSum.csproj", "{386ACAAE-511E-4AA0-811C-7BFC5D557868}"
EndProject
Project("{9A19103F-16F7-4668-BE54-9A1E7A4F7556}") = "next-least", "next-least\next-least.csproj", "{DA16B49A-449B-480B-A671-758270ADB649}"
EndProject
Project("{9A19103F-16F7-4668-BE54-9A1E7A4F7556}") = "non-overlapping-intervals", "non-overlapping-intervals\non-overlapping-intervals.csproj", "{D29D9956-B58C-46A1-A12A-C1811A5A88F4}"
EndProject
Project("{9A19103F-16F7-4668-BE54-9A1E7A4F7556}") = "fizzbuzz", "fizzbuzz\fizzbuzz.csproj", "{B0CBD77F-70A9-4ED9-80CA-9F435469D839}"
EndProject
Project("{9A19103F-16F7-4668-BE54-9A1E7A4F7556}") = "word-machine", "word-machine\word-machine.csproj", "{45F2DAED-E03F-49CE-98F4-A8D69AEABEF0}"
EndProject
Project("{9A19103F-16F7-4668-BE54-9A1E7A4F7556}") = "reverse-str", "reverse-str\reverse-str.csproj", "{CF8286ED-D928-4C92-B7D0-49DB07271431}"
EndProject
Project("{2150E333-8FDC-42A3-9474-1A3956D46DE8}") = "next-least (1)", "next-least", "{7FC25FEF-38C2-43B1-95E0-AAAB566AC5E0}"
EndProject
Project("{2150E333-8FDC-42A3-9474-1A3956D46DE8}") = "bin", "bin", "{AFDF486A-5DE6-49E1-9C03-648DA16EA1D8}"
EndProject
Project("{2150E333-8FDC-42A3-9474-1A3956D46DE8}") = "Release", "Release", "{F3B933AC-CD21-487B-8034-51AC85B24AFC}"
EndProject
Project("{2150E333-8FDC-42A3-9474-1A3956D46DE8}") = "net7.0", "net7.0", "{4573E69E-5009-41FD-B862-15E16AF631DC}"
EndProject
Project("{9A19103F-16F7-4668-BE54-9A1E7A4F7556}") = "BenchmarkDotNet.Autogenerated", "next-least\bin\Release\net7.0\4d756de2-4601-4b38-81f2-25607b470806\BenchmarkDotNet.Autogenerated.csproj", "{21F29B48-A233-4757-80DF-092C5E3C30C1}"
EndProject
Project("{9A19103F-16F7-4668-BE54-9A1E7A4F7556}") = "BenchmarkDotNet.Autogenerated (1)", "next-least\bin\Release\net7.0\2bcf170c-c44b-4733-a718-2a8e722619c7\BenchmarkDotNet.Autogenerated.csproj", "{BEDB87EC-2D87-40DA-A65C-ABD148008C98}"
EndProject
Project("{9A19103F-16F7-4668-BE54-9A1E7A4F7556}") = "BenchmarkDotNet.Autogenerated (2)", "next-least\bin\Release\net7.0\37744930-bd2d-4a4b-9b12-03b91e538ed2\BenchmarkDotNet.Autogenerated.csproj", "{C6BACFFF-16AA-4B0C-A508-370A418C85CD}"
EndProject
Project("{9A19103F-16F7-4668-BE54-9A1E7A4F7556}") = "BenchmarkDotNet.Autogenerated (3)", "next-least\bin\Release\net7.0\9f849d29-182c-4e86-8baa-a78c4d9cf624\BenchmarkDotNet.Autogenerated.csproj", "{F84CEB17-09B3-45EC-83DF-3A3581A2603B}"
EndProject
Project("{9A19103F-16F7-4668-BE54-9A1E7A4F7556}") = "BenchmarkDotNet.Autogenerated (4)", "next-least\bin\Release\net7.0\c8aacce2-8589-4eb1-b241-ce7615d78bfb\BenchmarkDotNet.Autogenerated.csproj", "{6E3028D1-A950-4E8B-9A86-5E0FF23F263D}"
EndProject
Global
	GlobalSection(SolutionConfigurationPlatforms) = preSolution
		Debug|Any CPU = Debug|Any CPU
		Release|Any CPU = Release|Any CPU
	EndGlobalSection
	GlobalSection(ProjectConfigurationPlatforms) = postSolution
		{386ACAAE-511E-4AA0-811C-7BFC5D557868}.Debug|Any CPU.ActiveCfg = Debug|Any CPU
		{386ACAAE-511E-4AA0-811C-7BFC5D557868}.Debug|Any CPU.Build.0 = Debug|Any CPU
		{386ACAAE-511E-4AA0-811C-7BFC5D557868}.Release|Any CPU.ActiveCfg = Release|Any CPU
		{386ACAAE-511E-4AA0-811C-7BFC5D557868}.Release|Any CPU.Build.0 = Release|Any CPU
		{DA16B49A-449B-480B-A671-758270ADB649}.Debug|Any CPU.ActiveCfg = Debug|Any CPU
		{DA16B49A-449B-480B-A671-758270ADB649}.Debug|Any CPU.Build.0 = Debug|Any CPU
		{DA16B49A-449B-480B-A671-758270ADB649}.Release|Any CPU.ActiveCfg = Release|Any CPU
		{DA16B49A-449B-480B-A671-758270ADB649}.Release|Any CPU.Build.0 = Release|Any CPU
		{D29D9956-B58C-46A1-A12A-C1811A5A88F4}.Debug|Any CPU.ActiveCfg = Debug|Any CPU
		{D29D9956-B58C-46A1-A12A-C1811A5A88F4}.Debug|Any CPU.Build.0 = Debug|Any CPU
		{D29D9956-B58C-46A1-A12A-C1811A5A88F4}.Release|Any CPU.ActiveCfg = Release|Any CPU
		{D29D9956-B58C-46A1-A12A-C1811A5A88F4}.Release|Any CPU.Build.0 = Release|Any CPU
		{B0CBD77F-70A9-4ED9-80CA-9F435469D839}.Debug|Any CPU.ActiveCfg = Debug|Any CPU
		{B0CBD77F-70A9-4ED9-80CA-9F435469D839}.Debug|Any CPU.Build.0 = Debug|Any CPU
		{B0CBD77F-70A9-4ED9-80CA-9F435469D839}.Release|Any CPU.ActiveCfg = Release|Any CPU
		{B0CBD77F-70A9-4ED9-80CA-9F435469D839}.Release|Any CPU.Build.0 = Release|Any CPU
		{45F2DAED-E03F-49CE-98F4-A8D69AEABEF0}.Debug|Any CPU.ActiveCfg = Debug|Any CPU
		{45F2DAED-E03F-49CE-98F4-A8D69AEABEF0}.Debug|Any CPU.Build.0 = Debug|Any CPU
		{45F2DAED-E03F-49CE-98F4-A8D69AEABEF0}.Release|Any CPU.ActiveCfg = Release|Any CPU
		{45F2DAED-E03F-49CE-98F4-A8D69AEABEF0}.Release|Any CPU.Build.0 = Release|Any CPU
		{CF8286ED-D928-4C92-B7D0-49DB07271431}.Debug|Any CPU.ActiveCfg = Debug|Any CPU
		{CF8286ED-D928-4C92-B7D0-49DB07271431}.Debug|Any CPU.Build.0 = Debug|Any CPU
		{CF8286ED-D928-4C92-B7D0-49DB07271431}.Release|Any CPU.ActiveCfg = Release|Any CPU
		{CF8286ED-D928-4C92-B7D0-49DB07271431}.Release|Any CPU.Build.0 = Release|Any CPU
		{21F29B48-A233-4757-80DF-092C5E3C30C1}.Debug|Any CPU.ActiveCfg = Debug|Any CPU
		{21F29B48-A233-4757-80DF-092C5E3C30C1}.Debug|Any CPU.Build.0 = Debug|Any CPU
		{21F29B48-A233-4757-80DF-092C5E3C30C1}.Release|Any CPU.ActiveCfg = Release|Any CPU
		{21F29B48-A233-4757-80DF-092C5E3C30C1}.Release|Any CPU.Build.0 = Release|Any CPU
		{BEDB87EC-2D87-40DA-A65C-ABD148008C98}.Debug|Any CPU.ActiveCfg = Debug|Any CPU
		{BEDB87EC-2D87-40DA-A65C-ABD148008C98}.Debug|Any CPU.Build.0 = Debug|Any CPU
		{BEDB87EC-2D87-40DA-A65C-ABD148008C98}.Release|Any CPU.ActiveCfg = Release|Any CPU
		{BEDB87EC-2D87-40DA-A65C-ABD148008C98}.Release|Any CPU.Build.0 = Release|Any CPU
		{C6BACFFF-16AA-4B0C-A508-370A418C85CD}.Debug|Any CPU.ActiveCfg = Debug|Any CPU
		{C6BACFFF-16AA-4B0C-A508-370A418C85CD}.Debug|Any CPU.Build.0 = Debug|Any CPU
		{C6BACFFF-16AA-4B0C-A508-370A418C85CD}.Release|Any CPU.ActiveCfg = Release|Any CPU
		{C6BACFFF-16AA-4B0C-A508-370A418C85CD}.Release|Any CPU.Build.0 = Release|Any CPU
		{F84CEB17-09B3-45EC-83DF-3A3581A2603B}.Debug|Any CPU.ActiveCfg = Debug|Any CPU
		{F84CEB17-09B3-45EC-83DF-3A3581A2603B}.Debug|Any CPU.Build.0 = Debug|Any CPU
		{F84CEB17-09B3-45EC-83DF-3A3581A2603B}.Release|Any CPU.ActiveCfg = Release|Any CPU
		{F84CEB17-09B3-45EC-83DF-3A3581A2603B}.Release|Any CPU.Build.0 = Release|Any CPU
		{6E3028D1-A950-4E8B-9A86-5E0FF23F263D}.Debug|Any CPU.ActiveCfg = Debug|Any CPU
		{6E3028D1-A950-4E8B-9A86-5E0FF23F263D}.Debug|Any CPU.Build.0 = Debug|Any CPU
		{6E3028D1-A950-4E8B-9A86-5E0FF23F263D}.Release|Any CPU.ActiveCfg = Release|Any CPU
		{6E3028D1-A950-4E8B-9A86-5E0FF23F263D}.Release|Any CPU.Build.0 = Release|Any CPU
	EndGlobalSection
	GlobalSection(SolutionProperties) = preSolution
		HideSolutionNode = FALSE
	EndGlobalSection
	GlobalSection(NestedProjects) = preSolution
		{AFDF486A-5DE6-49E1-9C03-648DA16EA1D8} = {7FC25FEF-38C2-43B1-95E0-AAAB566AC5E0}
		{F3B933AC-CD21-487B-8034-51AC85B24AFC} = {AFDF486A-5DE6-49E1-9C03-648DA16EA1D8}
		{4573E69E-5009-41FD-B862-15E16AF631DC} = {F3B933AC-CD21-487B-8034-51AC85B24AFC}
		{21F29B48-A233-4757-80DF-092C5E3C30C1} = {4573E69E-5009-41FD-B862-15E16AF631DC}
		{BEDB87EC-2D87-40DA-A65C-ABD148008C98} = {4573E69E-5009-41FD-B862-15E16AF631DC}
		{C6BACFFF-16AA-4B0C-A508-370A418C85CD} = {4573E69E-5009-41FD-B862-15E16AF631DC}
		{F84CEB17-09B3-45EC-83DF-3A3581A2603B} = {4573E69E-5009-41FD-B862-15E16AF631DC}
		{6E3028D1-A950-4E8B-9A86-5E0FF23F263D} = {4573E69E-5009-41FD-B862-15E16AF631DC}
	EndGlobalSection
	GlobalSection(ExtensibilityGlobals) = postSolution
		SolutionGuid = {DDE7DDC3-9C59-41A1-A694-7B19B9E4E1C8}
	EndGlobalSection
EndGlobal
